
Microsoft Visual Studio Solution File, Format Version 12.00
# Visual Studio Version 17
VisualStudioVersion = 17.9.34701.34
MinimumVisualStudioVersion = 10.0.40219.1
Project("{FAE04EC0-301F-11D3-BF4B-00C04F79EFBC}") = "SimpleClock", "SimpleClock.csproj", "{57B89983-E924-4FBA-A8CD-F0E48C05D446}"
EndProject
Global
	GlobalSection(SolutionConfigurationPlatforms) = preSolution
		Debug|Any CPU = Debug|Any CPU
		Release|Any CPU = Release|Any CPU
	EndGlobalSection
	GlobalSection(ProjectConfigurationPlatforms) = postSolution
		{57B89983-E924-4FBA-A8CD-F0E48C05D446}.Debug|Any CPU.ActiveCfg = Debug|Any CPU
		{57B89983-E924-4FBA-A8CD-F0E48C05D446}.Debug|Any CPU.Build.0 = Debug|Any CPU
		{57B89983-E924-4FBA-A8CD-F0E48C05D446}.Release|Any CPU.ActiveCfg = Release|Any CPU
		{57B89983-E924-4FBA-A8CD-F0E48C05D446}.Release|Any CPU.Build.0 = Release|Any CPU
	EndGlobalSection
	GlobalSection(SolutionProperties) = preSolution
		HideSolutionNode = FALSE
	EndGlobalSection
	GlobalSection(ExtensibilityGlobals) = postSolution
		SolutionGuid = {CB46CF41-6DED-4838-AB9B-CF639D1BCF0B}
	EndGlobalSection
EndGlobal
